
Microsoft Visual Studio Solution File, Format Version 12.00
# Visual Studio Version 17
VisualStudioVersion = 17.14.36603.0
MinimumVisualStudioVersion = 10.0.40219.1
Project("{FAE04EC0-301F-11D3-BF4B-00C04F79EFBC}") = "TurkishGrammar.Core", "TurkishGrammar.Core\TurkishGrammar.Core.csproj", "{1004DA14-6849-4FEF-9B4B-717CC2CD41D9}"
EndProject
Project("{FAE04EC0-301F-11D3-BF4B-00C04F79EFBC}") = "TurkishGrammar.Tests", "TurkishGrammar.Tests\TurkishGrammar.Tests.csproj", "{2B565658-5D29-4352-859B-991ED4A1A14B}"
EndProject
Global
	GlobalSection(SolutionConfigurationPlatforms) = preSolution
		Debug|Any CPU = Debug|Any CPU
		Debug|x64 = Debug|x64
		Debug|x86 = Debug|x86
		Release|Any CPU = Release|Any CPU
		Release|x64 = Release|x64
		Release|x86 = Release|x86
	EndGlobalSection
	GlobalSection(ProjectConfigurationPlatforms) = postSolution
		{1004DA14-6849-4FEF-9B4B-717CC2CD41D9}.Debug|Any CPU.ActiveCfg = Debug|Any CPU
		{1004DA14-6849-4FEF-9B4B-717CC2CD41D9}.Debug|Any CPU.Build.0 = Debug|Any CPU
		{1004DA14-6849-4FEF-9B4B-717CC2CD41D9}.Debug|x64.ActiveCfg = Debug|Any CPU
		{1004DA14-6849-4FEF-9B4B-717CC2CD41D9}.Debug|x64.Build.0 = Debug|Any CPU
		{1004DA14-6849-4FEF-9B4B-717CC2CD41D9}.Debug|x86.ActiveCfg = Debug|Any CPU
		{1004DA14-6849-4FEF-9B4B-717CC2CD41D9}.Debug|x86.Build.0 = Debug|Any CPU
		{1004DA14-6849-4FEF-9B4B-717CC2CD41D9}.Release|Any CPU.ActiveCfg = Release|Any CPU
		{1004DA14-6849-4FEF-9B4B-717CC2CD41D9}.Release|Any CPU.Build.0 = Release|Any CPU
		{1004DA14-6849-4FEF-9B4B-717CC2CD41D9}.Release|x64.ActiveCfg = Release|Any CPU
		{1004DA14-6849-4FEF-9B4B-717CC2CD41D9}.Release|x64.Build.0 = Release|Any CPU
		{1004DA14-6849-4FEF-9B4B-717CC2CD41D9}.Release|x86.ActiveCfg = Release|Any CPU
		{1004DA14-6849-4FEF-9B4B-717CC2CD41D9}.Release|x86.Build.0 = Release|Any CPU
		{2B565658-5D29-4352-859B-991ED4A1A14B}.Debug|Any CPU.ActiveCfg = Debug|Any CPU
		{2B565658-5D29-4352-859B-991ED4A1A14B}.Debug|Any CPU.Build.0 = Debug|Any CPU
		{2B565658-5D29-4352-859B-991ED4A1A14B}.Debug|x64.ActiveCfg = Debug|Any CPU
		{2B565658-5D29-4352-859B-991ED4A1A14B}.Debug|x64.Build.0 = Debug|Any CPU
		{2B565658-5D29-4352-859B-991ED4A1A14B}.Debug|x86.ActiveCfg = Debug|Any CPU
		{2B565658-5D29-4352-859B-991ED4A1A14B}.Debug|x86.Build.0 = Debug|Any CPU
		{2B565658-5D29-4352-859B-991ED4A1A14B}.Release|Any CPU.ActiveCfg = Release|Any CPU
		{2B565658-5D29-4352-859B-991ED4A1A14B}.Release|Any CPU.Build.0 = Release|Any CPU
		{2B565658-5D29-4352-859B-991ED4A1A14B}.Release|x64.ActiveCfg = Release|Any CPU
		{2B565658-5D29-4352-859B-991ED4A1A14B}.Release|x64.Build.0 = Release|Any CPU
		{2B565658-5D29-4352-859B-991ED4A1A14B}.Release|x86.ActiveCfg = Release|Any CPU
		{2B565658-5D29-4352-859B-991ED4A1A14B}.Release|x86.Build.0 = Release|Any CPU
	EndGlobalSection
	GlobalSection(SolutionProperties) = preSolution
		HideSolutionNode = FALSE
	EndGlobalSection
	GlobalSection(ExtensibilityGlobals) = postSolution
		SolutionGuid = {F87C7518-C53B-422C-894D-683150D4C2C0}
	EndGlobalSection
EndGlobal
